
Microsoft Visual Studio Solution File, Format Version 12.00
# Visual Studio Version 17
VisualStudioVersion = 17.3.32922.545
MinimumVisualStudioVersion = 10.0.40219.1
Project("{FAE04EC0-301F-11D3-BF4B-00C04F79EFBC}") = "Capitulo 4", "Capitulo 4\Capitulo 4.csproj", "{9C5388C3-E406-4C06-9E9C-0A6F4496C033}"
EndProject
Global
	GlobalSection(SolutionConfigurationPlatforms) = preSolution
		Debug|Any CPU = Debug|Any CPU
		Release|Any CPU = Release|Any CPU
	EndGlobalSection
	GlobalSection(ProjectConfigurationPlatforms) = postSolution
		{9C5388C3-E406-4C06-9E9C-0A6F4496C033}.Debug|Any CPU.ActiveCfg = Debug|Any CPU
		{9C5388C3-E406-4C06-9E9C-0A6F4496C033}.Debug|Any CPU.Build.0 = Debug|Any CPU
		{9C5388C3-E406-4C06-9E9C-0A6F4496C033}.Release|Any CPU.ActiveCfg = Release|Any CPU
		{9C5388C3-E406-4C06-9E9C-0A6F4496C033}.Release|Any CPU.Build.0 = Release|Any CPU
	EndGlobalSection
	GlobalSection(SolutionProperties) = preSolution
		HideSolutionNode = FALSE
	EndGlobalSection
	GlobalSection(ExtensibilityGlobals) = postSolution
		SolutionGuid = {5E931414-ECD2-46C3-9D5D-230A0DC5F049}
	EndGlobalSection
EndGlobal
